
Microsoft Visual Studio Solution File, Format Version 12.00
# Visual Studio 14
VisualStudioVersion = 14.0.24720.0
MinimumVisualStudioVersion = 10.0.40219.1
Project("{FAE04EC0-301F-11D3-BF4B-00C04F79EFBC}") = "LoggingService", "LoggingService\LoggingService.csproj", "{B3BFFC3B-CDEC-4D7F-9EE7-78DA546D65D6}"
EndProject
Global
	GlobalSection(SolutionConfigurationPlatforms) = preSolution
		Debug|Any CPU = Debug|Any CPU
		Release|Any CPU = Release|Any CPU
	EndGlobalSection
	GlobalSection(ProjectConfigurationPlatforms) = postSolution
		{B3BFFC3B-CDEC-4D7F-9EE7-78DA546D65D6}.Debug|Any CPU.ActiveCfg = Debug|Any CPU
		{B3BFFC3B-CDEC-4D7F-9EE7-78DA546D65D6}.Debug|Any CPU.Build.0 = Debug|Any CPU
		{B3BFFC3B-CDEC-4D7F-9EE7-78DA546D65D6}.Release|Any CPU.ActiveCfg = Release|Any CPU
		{B3BFFC3B-CDEC-4D7F-9EE7-78DA546D65D6}.Release|Any CPU.Build.0 = Release|Any CPU
	EndGlobalSection
	GlobalSection(SolutionProperties) = preSolution
		HideSolutionNode = FALSE
	EndGlobalSection
EndGlobal
