
Microsoft Visual Studio Solution File, Format Version 12.00
# Visual Studio 14
VisualStudioVersion = 14.0.24720.0
MinimumVisualStudioVersion = 10.0.40219.1
Project("{FAE04EC0-301F-11D3-BF4B-00C04F79EFBC}") = "MatchingService", "MatchingService\MatchingService.csproj", "{9DEE76BC-5BED-4691-8EB9-32D905A3E1ED}"
EndProject
Global
	GlobalSection(SolutionConfigurationPlatforms) = preSolution
		Debug|Any CPU = Debug|Any CPU
		Release|Any CPU = Release|Any CPU
	EndGlobalSection
	GlobalSection(ProjectConfigurationPlatforms) = postSolution
		{9DEE76BC-5BED-4691-8EB9-32D905A3E1ED}.Debug|Any CPU.ActiveCfg = Debug|Any CPU
		{9DEE76BC-5BED-4691-8EB9-32D905A3E1ED}.Debug|Any CPU.Build.0 = Debug|Any CPU
		{9DEE76BC-5BED-4691-8EB9-32D905A3E1ED}.Release|Any CPU.ActiveCfg = Release|Any CPU
		{9DEE76BC-5BED-4691-8EB9-32D905A3E1ED}.Release|Any CPU.Build.0 = Release|Any CPU
	EndGlobalSection
	GlobalSection(SolutionProperties) = preSolution
		HideSolutionNode = FALSE
	EndGlobalSection
EndGlobal
